
Microsoft Visual Studio Solution File, Format Version 12.00
# Visual Studio Version 16
VisualStudioVersion = 16.0.29806.167
MinimumVisualStudioVersion = 10.0.40219.1
Project("{9A19103F-16F7-4668-BE54-9A1E7A4F7556}") = "MarsRover.ConsoleApp", "MarsRover.ConsoleApp\MarsRover.ConsoleApp.csproj", "{2166E134-9DC6-4984-A575-68AA26F38FC8}"
EndProject
Project("{9A19103F-16F7-4668-BE54-9A1E7A4F7556}") = "MarsRover.Tests", "MarsRover.Tests\MarsRover.Tests.csproj", "{38A7AA86-B88F-4A51-A81F-9FA74F227028}"
EndProject
Project("{FAE04EC0-301F-11D3-BF4B-00C04F79EFBC}") = "MarsRover.Core", "MarsRover.Core\MarsRover.Core.csproj", "{8304AC7C-9EB2-40BC-B624-63DA16B0C54E}"
EndProject
Global
	GlobalSection(SolutionConfigurationPlatforms) = preSolution
		Debug|Any CPU = Debug|Any CPU
		Release|Any CPU = Release|Any CPU
	EndGlobalSection
	GlobalSection(ProjectConfigurationPlatforms) = postSolution
		{2166E134-9DC6-4984-A575-68AA26F38FC8}.Debug|Any CPU.ActiveCfg = Debug|Any CPU
		{2166E134-9DC6-4984-A575-68AA26F38FC8}.Debug|Any CPU.Build.0 = Debug|Any CPU
		{2166E134-9DC6-4984-A575-68AA26F38FC8}.Release|Any CPU.ActiveCfg = Release|Any CPU
		{2166E134-9DC6-4984-A575-68AA26F38FC8}.Release|Any CPU.Build.0 = Release|Any CPU
		{38A7AA86-B88F-4A51-A81F-9FA74F227028}.Debug|Any CPU.ActiveCfg = Debug|Any CPU
		{38A7AA86-B88F-4A51-A81F-9FA74F227028}.Debug|Any CPU.Build.0 = Debug|Any CPU
		{38A7AA86-B88F-4A51-A81F-9FA74F227028}.Release|Any CPU.ActiveCfg = Release|Any CPU
		{38A7AA86-B88F-4A51-A81F-9FA74F227028}.Release|Any CPU.Build.0 = Release|Any CPU
		{8304AC7C-9EB2-40BC-B624-63DA16B0C54E}.Debug|Any CPU.ActiveCfg = Debug|Any CPU
		{8304AC7C-9EB2-40BC-B624-63DA16B0C54E}.Debug|Any CPU.Build.0 = Debug|Any CPU
		{8304AC7C-9EB2-40BC-B624-63DA16B0C54E}.Release|Any CPU.ActiveCfg = Release|Any CPU
		{8304AC7C-9EB2-40BC-B624-63DA16B0C54E}.Release|Any CPU.Build.0 = Release|Any CPU
	EndGlobalSection
	GlobalSection(SolutionProperties) = preSolution
		HideSolutionNode = FALSE
	EndGlobalSection
	GlobalSection(ExtensibilityGlobals) = postSolution
		SolutionGuid = {1F5EBF48-3102-47CA-98A9-6C9741D97DFC}
	EndGlobalSection
EndGlobal
